
Microsoft Visual Studio Solution File, Format Version 12.00
# Visual Studio Version 16
VisualStudioVersion = 16.0.32228.343
MinimumVisualStudioVersion = 10.0.40219.1
Project("{FAE04EC0-301F-11D3-BF4B-00C04F79EFBC}") = "Personel Bilgi", "Personel Bilgi\Personel Bilgi.csproj", "{357CBC99-DDEC-464E-A4CC-96F1569C1BC5}"
EndProject
Global
	GlobalSection(SolutionConfigurationPlatforms) = preSolution
		Debug|Any CPU = Debug|Any CPU
		Release|Any CPU = Release|Any CPU
	EndGlobalSection
	GlobalSection(ProjectConfigurationPlatforms) = postSolution
		{357CBC99-DDEC-464E-A4CC-96F1569C1BC5}.Debug|Any CPU.ActiveCfg = Debug|Any CPU
		{357CBC99-DDEC-464E-A4CC-96F1569C1BC5}.Debug|Any CPU.Build.0 = Debug|Any CPU
		{357CBC99-DDEC-464E-A4CC-96F1569C1BC5}.Release|Any CPU.ActiveCfg = Release|Any CPU
		{357CBC99-DDEC-464E-A4CC-96F1569C1BC5}.Release|Any CPU.Build.0 = Release|Any CPU
	EndGlobalSection
	GlobalSection(SolutionProperties) = preSolution
		HideSolutionNode = FALSE
	EndGlobalSection
	GlobalSection(ExtensibilityGlobals) = postSolution
		SolutionGuid = {6622E92A-9DD3-47F3-82E1-D98F593F59BD}
	EndGlobalSection
EndGlobal
